
Microsoft Visual Studio Solution File, Format Version 12.00
# Visual Studio Version 17
VisualStudioVersion = 17.1.32210.238
MinimumVisualStudioVersion = 10.0.40219.1
Project("{FAE04EC0-301F-11D3-BF4B-00C04F79EFBC}") = "ServerStart", "ServerStart.csproj", "{09F96F51-E94A-434D-8791-999AE30DF60D}"
EndProject
Global
	GlobalSection(SolutionConfigurationPlatforms) = preSolution
		Debug|Any CPU = Debug|Any CPU
		Release|Any CPU = Release|Any CPU
	EndGlobalSection
	GlobalSection(ProjectConfigurationPlatforms) = postSolution
		{09F96F51-E94A-434D-8791-999AE30DF60D}.Debug|Any CPU.ActiveCfg = Debug|Any CPU
		{09F96F51-E94A-434D-8791-999AE30DF60D}.Debug|Any CPU.Build.0 = Debug|Any CPU
		{09F96F51-E94A-434D-8791-999AE30DF60D}.Release|Any CPU.ActiveCfg = Release|Any CPU
		{09F96F51-E94A-434D-8791-999AE30DF60D}.Release|Any CPU.Build.0 = Release|Any CPU
	EndGlobalSection
	GlobalSection(SolutionProperties) = preSolution
		HideSolutionNode = FALSE
	EndGlobalSection
	GlobalSection(ExtensibilityGlobals) = postSolution
		SolutionGuid = {ADA184D5-F016-4F36-ACC4-DC9E178DAA48}
	EndGlobalSection
EndGlobal
